
Microsoft Visual Studio Solution File, Format Version 12.00
# Visual Studio 15
VisualStudioVersion = 15.0.26124.0
MinimumVisualStudioVersion = 15.0.26124.0
Project("{FAE04EC0-301F-11D3-BF4B-00C04F79EFBC}") = "SportShirts.Backend", "SportShirts.Backend\SportShirts.Backend.csproj", "{0691160B-4FAA-43AF-914F-4E7E458E5B1D}"
EndProject
Project("{FAE04EC0-301F-11D3-BF4B-00C04F79EFBC}") = "SportShirts.Models", "SportShirts.Models\SportShirts.Models.csproj", "{5E8BC27C-1F6D-4AC9-B940-DD97DFFB12B3}"
EndProject
Project("{FAE04EC0-301F-11D3-BF4B-00C04F79EFBC}") = "SportShirts.CrossCutting", "SportShirts.CrossCutting\SportShirts.CrossCutting.csproj", "{26B7D4BE-D6C8-486F-B260-A33DB207F9CD}"
EndProject
Global
	GlobalSection(SolutionConfigurationPlatforms) = preSolution
		Debug|Any CPU = Debug|Any CPU
		Debug|x64 = Debug|x64
		Debug|x86 = Debug|x86
		Release|Any CPU = Release|Any CPU
		Release|x64 = Release|x64
		Release|x86 = Release|x86
	EndGlobalSection
	GlobalSection(SolutionProperties) = preSolution
		HideSolutionNode = FALSE
	EndGlobalSection
	GlobalSection(ProjectConfigurationPlatforms) = postSolution
		{0691160B-4FAA-43AF-914F-4E7E458E5B1D}.Debug|Any CPU.ActiveCfg = Debug|Any CPU
		{0691160B-4FAA-43AF-914F-4E7E458E5B1D}.Debug|Any CPU.Build.0 = Debug|Any CPU
		{0691160B-4FAA-43AF-914F-4E7E458E5B1D}.Debug|x64.ActiveCfg = Debug|x64
		{0691160B-4FAA-43AF-914F-4E7E458E5B1D}.Debug|x64.Build.0 = Debug|x64
		{0691160B-4FAA-43AF-914F-4E7E458E5B1D}.Debug|x86.ActiveCfg = Debug|x86
		{0691160B-4FAA-43AF-914F-4E7E458E5B1D}.Debug|x86.Build.0 = Debug|x86
		{0691160B-4FAA-43AF-914F-4E7E458E5B1D}.Release|Any CPU.ActiveCfg = Release|Any CPU
		{0691160B-4FAA-43AF-914F-4E7E458E5B1D}.Release|Any CPU.Build.0 = Release|Any CPU
		{0691160B-4FAA-43AF-914F-4E7E458E5B1D}.Release|x64.ActiveCfg = Release|x64
		{0691160B-4FAA-43AF-914F-4E7E458E5B1D}.Release|x64.Build.0 = Release|x64
		{0691160B-4FAA-43AF-914F-4E7E458E5B1D}.Release|x86.ActiveCfg = Release|x86
		{0691160B-4FAA-43AF-914F-4E7E458E5B1D}.Release|x86.Build.0 = Release|x86
		{5E8BC27C-1F6D-4AC9-B940-DD97DFFB12B3}.Debug|Any CPU.ActiveCfg = Debug|Any CPU
		{5E8BC27C-1F6D-4AC9-B940-DD97DFFB12B3}.Debug|Any CPU.Build.0 = Debug|Any CPU
		{5E8BC27C-1F6D-4AC9-B940-DD97DFFB12B3}.Debug|x64.ActiveCfg = Debug|x64
		{5E8BC27C-1F6D-4AC9-B940-DD97DFFB12B3}.Debug|x64.Build.0 = Debug|x64
		{5E8BC27C-1F6D-4AC9-B940-DD97DFFB12B3}.Debug|x86.ActiveCfg = Debug|x86
		{5E8BC27C-1F6D-4AC9-B940-DD97DFFB12B3}.Debug|x86.Build.0 = Debug|x86
		{5E8BC27C-1F6D-4AC9-B940-DD97DFFB12B3}.Release|Any CPU.ActiveCfg = Release|Any CPU
		{5E8BC27C-1F6D-4AC9-B940-DD97DFFB12B3}.Release|Any CPU.Build.0 = Release|Any CPU
		{5E8BC27C-1F6D-4AC9-B940-DD97DFFB12B3}.Release|x64.ActiveCfg = Release|x64
		{5E8BC27C-1F6D-4AC9-B940-DD97DFFB12B3}.Release|x64.Build.0 = Release|x64
		{5E8BC27C-1F6D-4AC9-B940-DD97DFFB12B3}.Release|x86.ActiveCfg = Release|x86
		{5E8BC27C-1F6D-4AC9-B940-DD97DFFB12B3}.Release|x86.Build.0 = Release|x86
		{26B7D4BE-D6C8-486F-B260-A33DB207F9CD}.Debug|Any CPU.ActiveCfg = Debug|Any CPU
		{26B7D4BE-D6C8-486F-B260-A33DB207F9CD}.Debug|Any CPU.Build.0 = Debug|Any CPU
		{26B7D4BE-D6C8-486F-B260-A33DB207F9CD}.Debug|x64.ActiveCfg = Debug|x64
		{26B7D4BE-D6C8-486F-B260-A33DB207F9CD}.Debug|x64.Build.0 = Debug|x64
		{26B7D4BE-D6C8-486F-B260-A33DB207F9CD}.Debug|x86.ActiveCfg = Debug|x86
		{26B7D4BE-D6C8-486F-B260-A33DB207F9CD}.Debug|x86.Build.0 = Debug|x86
		{26B7D4BE-D6C8-486F-B260-A33DB207F9CD}.Release|Any CPU.ActiveCfg = Release|Any CPU
		{26B7D4BE-D6C8-486F-B260-A33DB207F9CD}.Release|Any CPU.Build.0 = Release|Any CPU
		{26B7D4BE-D6C8-486F-B260-A33DB207F9CD}.Release|x64.ActiveCfg = Release|x64
		{26B7D4BE-D6C8-486F-B260-A33DB207F9CD}.Release|x64.Build.0 = Release|x64
		{26B7D4BE-D6C8-486F-B260-A33DB207F9CD}.Release|x86.ActiveCfg = Release|x86
		{26B7D4BE-D6C8-486F-B260-A33DB207F9CD}.Release|x86.Build.0 = Release|x86
	EndGlobalSection
EndGlobal
